
Microsoft Visual Studio Solution File, Format Version 12.00
Project("{FAE04EC0-301F-11D3-BF4B-00C04F79EFBC}") = "DataApi", "DataApi\DataApi.csproj", "{D5DDA199-98BA-44D8-BCB4-7D909BA15926}"
EndProject
Global
	GlobalSection(SolutionConfigurationPlatforms) = preSolution
		Debug|Any CPU = Debug|Any CPU
		Release|Any CPU = Release|Any CPU
	EndGlobalSection
	GlobalSection(ProjectConfigurationPlatforms) = postSolution
		{D5DDA199-98BA-44D8-BCB4-7D909BA15926}.Debug|Any CPU.ActiveCfg = Debug|Any CPU
		{D5DDA199-98BA-44D8-BCB4-7D909BA15926}.Debug|Any CPU.Build.0 = Debug|Any CPU
		{D5DDA199-98BA-44D8-BCB4-7D909BA15926}.Release|Any CPU.ActiveCfg = Release|Any CPU
		{D5DDA199-98BA-44D8-BCB4-7D909BA15926}.Release|Any CPU.Build.0 = Release|Any CPU
	EndGlobalSection
EndGlobal
